
Microsoft Visual Studio Solution File, Format Version 12.00
# Visual Studio 2013
VisualStudioVersion = 12.0.31101.0
MinimumVisualStudioVersion = 10.0.40219.1
Project("{2150E333-8FDC-42A3-9474-1A3956D46DE8}") = "Solution Items", "Solution Items", "{CD520E84-DA50-488C-9239-4C04EF3D226B}"
	ProjectSection(SolutionItems) = preProject
		.gitignore = .gitignore
		gulpfile.js = gulpfile.js
		LICENSE = LICENSE
		package.json = package.json
		README.md = README.md
	EndProjectSection
EndProject
Project("{2150E333-8FDC-42A3-9474-1A3956D46DE8}") = "tasks", "tasks", "{554C5F8F-67E2-4199-86BC-EB987CC079D5}"
	ProjectSection(SolutionItems) = preProject
		tasks\task-help.js = tasks\task-help.js
		tasks\task-org-photos.js = tasks\task-org-photos.js
	EndProjectSection
EndProject
Project("{2150E333-8FDC-42A3-9474-1A3956D46DE8}") = "repo", "repo", "{A06FCCEE-C15B-4539-979D-023671D17529}"
	ProjectSection(SolutionItems) = preProject
		tasks\gulp-odo-replace.js = tasks\gulp-odo-replace.js
		tasks\helper-config.js = tasks\helper-config.js
		tasks\task-build.js = tasks\task-build.js
		tasks\task-clean.js = tasks\task-clean.js
		tasks\task-config.js = tasks\task-config.js
		tasks\task-coreCopy.js = tasks\task-coreCopy.js
		tasks\task-css.js = tasks\task-css.js
		tasks\task-install.js = tasks\task-install.js
		tasks\task-js.js = tasks\task-js.js
		tasks\task-lint.js = tasks\task-lint.js
		tasks\task-rebuild.js = tasks\task-rebuild.js
		tasks\task-selectConfigXml.js = tasks\task-selectConfigXml.js
		tasks\task-templates.js = tasks\task-templates.js
		tasks\task-vendorCss.js = tasks\task-vendorCss.js
		tasks\task-vendorJs.js = tasks\task-vendorJs.js
		tasks\task-watch.js = tasks\task-watch.js
	EndProjectSection
EndProject
Global
	GlobalSection(SolutionProperties) = preSolution
		HideSolutionNode = FALSE
	EndGlobalSection
	GlobalSection(NestedProjects) = preSolution
		{554C5F8F-67E2-4199-86BC-EB987CC079D5} = {CD520E84-DA50-488C-9239-4C04EF3D226B}
		{A06FCCEE-C15B-4539-979D-023671D17529} = {CD520E84-DA50-488C-9239-4C04EF3D226B}
	EndGlobalSection
EndGlobal
